
Microsoft Visual Studio Solution File, Format Version 12.00
# Visual Studio 2013
VisualStudioVersion = 12.0.21005.1
MinimumVisualStudioVersion = 10.0.40219.1
Project("{FAE04EC0-301F-11D3-BF4B-00C04F79EFBC}") = "StudentManagement", "StudentManagement\StudentManagement.csproj", "{D51CA954-4032-4080-BD64-D19F72B20E29}"
EndProject
Project("{FAE04EC0-301F-11D3-BF4B-00C04F79EFBC}") = "StudentManagement1", "StudentManagement1\StudentManagement1.csproj", "{A4008746-91D6-49CF-B363-1920A5A94B70}"
EndProject
Global
	GlobalSection(SolutionConfigurationPlatforms) = preSolution
		Debug|Any CPU = Debug|Any CPU
		Release|Any CPU = Release|Any CPU
	EndGlobalSection
	GlobalSection(ProjectConfigurationPlatforms) = postSolution
		{D51CA954-4032-4080-BD64-D19F72B20E29}.Debug|Any CPU.ActiveCfg = Debug|Any CPU
		{D51CA954-4032-4080-BD64-D19F72B20E29}.Debug|Any CPU.Build.0 = Debug|Any CPU
		{D51CA954-4032-4080-BD64-D19F72B20E29}.Release|Any CPU.ActiveCfg = Release|Any CPU
		{D51CA954-4032-4080-BD64-D19F72B20E29}.Release|Any CPU.Build.0 = Release|Any CPU
		{A4008746-91D6-49CF-B363-1920A5A94B70}.Debug|Any CPU.ActiveCfg = Debug|Any CPU
		{A4008746-91D6-49CF-B363-1920A5A94B70}.Debug|Any CPU.Build.0 = Debug|Any CPU
		{A4008746-91D6-49CF-B363-1920A5A94B70}.Release|Any CPU.ActiveCfg = Release|Any CPU
		{A4008746-91D6-49CF-B363-1920A5A94B70}.Release|Any CPU.Build.0 = Release|Any CPU
	EndGlobalSection
	GlobalSection(SolutionProperties) = preSolution
		HideSolutionNode = FALSE
	EndGlobalSection
EndGlobal
